
Microsoft Visual Studio Solution File, Format Version 12.00
# Visual Studio Version 17
VisualStudioVersion = 17.8.34511.84
MinimumVisualStudioVersion = 10.0.40219.1
Project("{2150E333-8FDC-42A3-9474-1A3956D46DE8}") = "Services", "Services", "{6891F1C5-D142-487B-BAB5-92522849045F}"
EndProject
Project("{2150E333-8FDC-42A3-9474-1A3956D46DE8}") = "Catalog", "Catalog", "{C6727250-CB7F-42AC-9ACF-04CCBEAEDDB7}"
EndProject
Project("{9A19103F-16F7-4668-BE54-9A1E7A4F7556}") = "Catalog.API", "Services\Catalog\catalog.API\Catalog.API.csproj", "{488EA4A0-7FC4-496C-9C36-8E0B8AB38649}"
EndProject
Project("{2150E333-8FDC-42A3-9474-1A3956D46DE8}") = "BuildingBlocks", "BuildingBlocks", "{32B0D0C6-9222-4277-88FA-22DD309A670A}"
EndProject
Project("{9A19103F-16F7-4668-BE54-9A1E7A4F7556}") = "BuildingBlocks", "BuildingBlocks\BuildingBlocks\BuildingBlocks.csproj", "{E53CBDDF-8940-4242-9ACF-101BAAD14032}"
EndProject
Project("{E53339B2-1760-4266-BCC7-CA923CBCF16C}") = "docker-compose", "docker-compose.dcproj", "{90DD119A-294B-459C-9733-207DF87125FB}"
EndProject
Project("{2150E333-8FDC-42A3-9474-1A3956D46DE8}") = "Basket", "Basket", "{7386507C-EA6D-43A6-B3CD-EC1F0488ACAA}"
EndProject
Project("{FAE04EC0-301F-11D3-BF4B-00C04F79EFBC}") = "Basket.API", "Services\Basket\Basket.API\Basket.API.csproj", "{699B96BF-ED8C-4CA1-B8B2-7D7F379BE946}"
EndProject
Global
	GlobalSection(SolutionConfigurationPlatforms) = preSolution
		Debug|Any CPU = Debug|Any CPU
		Release|Any CPU = Release|Any CPU
	EndGlobalSection
	GlobalSection(ProjectConfigurationPlatforms) = postSolution
		{488EA4A0-7FC4-496C-9C36-8E0B8AB38649}.Debug|Any CPU.ActiveCfg = Debug|Any CPU
		{488EA4A0-7FC4-496C-9C36-8E0B8AB38649}.Debug|Any CPU.Build.0 = Debug|Any CPU
		{488EA4A0-7FC4-496C-9C36-8E0B8AB38649}.Release|Any CPU.ActiveCfg = Release|Any CPU
		{488EA4A0-7FC4-496C-9C36-8E0B8AB38649}.Release|Any CPU.Build.0 = Release|Any CPU
		{E53CBDDF-8940-4242-9ACF-101BAAD14032}.Debug|Any CPU.ActiveCfg = Debug|Any CPU
		{E53CBDDF-8940-4242-9ACF-101BAAD14032}.Debug|Any CPU.Build.0 = Debug|Any CPU
		{E53CBDDF-8940-4242-9ACF-101BAAD14032}.Release|Any CPU.ActiveCfg = Release|Any CPU
		{E53CBDDF-8940-4242-9ACF-101BAAD14032}.Release|Any CPU.Build.0 = Release|Any CPU
		{90DD119A-294B-459C-9733-207DF87125FB}.Debug|Any CPU.ActiveCfg = Debug|Any CPU
		{90DD119A-294B-459C-9733-207DF87125FB}.Debug|Any CPU.Build.0 = Debug|Any CPU
		{90DD119A-294B-459C-9733-207DF87125FB}.Release|Any CPU.ActiveCfg = Release|Any CPU
		{90DD119A-294B-459C-9733-207DF87125FB}.Release|Any CPU.Build.0 = Release|Any CPU
		{699B96BF-ED8C-4CA1-B8B2-7D7F379BE946}.Debug|Any CPU.ActiveCfg = Debug|Any CPU
		{699B96BF-ED8C-4CA1-B8B2-7D7F379BE946}.Debug|Any CPU.Build.0 = Debug|Any CPU
		{699B96BF-ED8C-4CA1-B8B2-7D7F379BE946}.Release|Any CPU.ActiveCfg = Release|Any CPU
		{699B96BF-ED8C-4CA1-B8B2-7D7F379BE946}.Release|Any CPU.Build.0 = Release|Any CPU
	EndGlobalSection
	GlobalSection(SolutionProperties) = preSolution
		HideSolutionNode = FALSE
	EndGlobalSection
	GlobalSection(NestedProjects) = preSolution
		{C6727250-CB7F-42AC-9ACF-04CCBEAEDDB7} = {6891F1C5-D142-487B-BAB5-92522849045F}
		{488EA4A0-7FC4-496C-9C36-8E0B8AB38649} = {C6727250-CB7F-42AC-9ACF-04CCBEAEDDB7}
		{E53CBDDF-8940-4242-9ACF-101BAAD14032} = {32B0D0C6-9222-4277-88FA-22DD309A670A}
		{7386507C-EA6D-43A6-B3CD-EC1F0488ACAA} = {6891F1C5-D142-487B-BAB5-92522849045F}
		{699B96BF-ED8C-4CA1-B8B2-7D7F379BE946} = {7386507C-EA6D-43A6-B3CD-EC1F0488ACAA}
	EndGlobalSection
	GlobalSection(ExtensibilityGlobals) = postSolution
		SolutionGuid = {A091E886-E83C-4B3A-94C5-F8DCE9195345}
	EndGlobalSection
EndGlobal
